
Microsoft Visual Studio Solution File, Format Version 12.00
# Visual Studio Version 17
VisualStudioVersion = 17.0.31903.59
MinimumVisualStudioVersion = 10.0.40219.1
Project("{FAE04EC0-301F-11D3-BF4B-00C04F79EFBC}") = "Api", "Api\Api.csproj", "{598CF344-78FF-40CD-8E22-61E4EBBD106B}"
EndProject
Project("{2150E333-8FDC-42A3-9474-1A3956D46DE8}") = "Application", "Application", "{A74F262E-BDE7-D5D2-89E9-785413424D0A}"
EndProject
Project("{FAE04EC0-301F-11D3-BF4B-00C04F79EFBC}") = "Orange6.Application", "Application\Orange6.Application.csproj", "{8E10231E-93A3-45CD-A65B-1B150BD9F171}"
EndProject
Project("{2150E333-8FDC-42A3-9474-1A3956D46DE8}") = "Domain", "Domain", "{996CEBED-A05B-5D42-3FF0-982E087A2599}"
EndProject
Project("{FAE04EC0-301F-11D3-BF4B-00C04F79EFBC}") = "Orange6.Domain", "Domain\Orange6.Domain.csproj", "{0553B61F-C1EA-4FB7-A999-C5FEDD5AFCE9}"
EndProject
Project("{2150E333-8FDC-42A3-9474-1A3956D46DE8}") = "Infrastructure", "Infrastructure", "{DFEE68D8-A7D0-1A41-506C-9B74AA9A7B7B}"
EndProject
Project("{FAE04EC0-301F-11D3-BF4B-00C04F79EFBC}") = "Orange6.Infrastructure", "Infrastructure\Orange6.Infrastructure.csproj", "{D8AA2E0E-F87F-4BCD-B807-CDE59828014C}"
EndProject
Global
	GlobalSection(SolutionConfigurationPlatforms) = preSolution
		Debug|Any CPU = Debug|Any CPU
		Debug|x64 = Debug|x64
		Debug|x86 = Debug|x86
		Release|Any CPU = Release|Any CPU
		Release|x64 = Release|x64
		Release|x86 = Release|x86
	EndGlobalSection
	GlobalSection(ProjectConfigurationPlatforms) = postSolution
		{598CF344-78FF-40CD-8E22-61E4EBBD106B}.Debug|Any CPU.ActiveCfg = Debug|Any CPU
		{598CF344-78FF-40CD-8E22-61E4EBBD106B}.Debug|Any CPU.Build.0 = Debug|Any CPU
		{598CF344-78FF-40CD-8E22-61E4EBBD106B}.Debug|x64.ActiveCfg = Debug|Any CPU
		{598CF344-78FF-40CD-8E22-61E4EBBD106B}.Debug|x64.Build.0 = Debug|Any CPU
		{598CF344-78FF-40CD-8E22-61E4EBBD106B}.Debug|x86.ActiveCfg = Debug|Any CPU
		{598CF344-78FF-40CD-8E22-61E4EBBD106B}.Debug|x86.Build.0 = Debug|Any CPU
		{598CF344-78FF-40CD-8E22-61E4EBBD106B}.Release|Any CPU.ActiveCfg = Release|Any CPU
		{598CF344-78FF-40CD-8E22-61E4EBBD106B}.Release|Any CPU.Build.0 = Release|Any CPU
		{598CF344-78FF-40CD-8E22-61E4EBBD106B}.Release|x64.ActiveCfg = Release|Any CPU
		{598CF344-78FF-40CD-8E22-61E4EBBD106B}.Release|x64.Build.0 = Release|Any CPU
		{598CF344-78FF-40CD-8E22-61E4EBBD106B}.Release|x86.ActiveCfg = Release|Any CPU
		{598CF344-78FF-40CD-8E22-61E4EBBD106B}.Release|x86.Build.0 = Release|Any CPU
		{8E10231E-93A3-45CD-A65B-1B150BD9F171}.Debug|Any CPU.ActiveCfg = Debug|Any CPU
		{8E10231E-93A3-45CD-A65B-1B150BD9F171}.Debug|Any CPU.Build.0 = Debug|Any CPU
		{8E10231E-93A3-45CD-A65B-1B150BD9F171}.Debug|x64.ActiveCfg = Debug|Any CPU
		{8E10231E-93A3-45CD-A65B-1B150BD9F171}.Debug|x64.Build.0 = Debug|Any CPU
		{8E10231E-93A3-45CD-A65B-1B150BD9F171}.Debug|x86.ActiveCfg = Debug|Any CPU
		{8E10231E-93A3-45CD-A65B-1B150BD9F171}.Debug|x86.Build.0 = Debug|Any CPU
		{8E10231E-93A3-45CD-A65B-1B150BD9F171}.Release|Any CPU.ActiveCfg = Release|Any CPU
		{8E10231E-93A3-45CD-A65B-1B150BD9F171}.Release|Any CPU.Build.0 = Release|Any CPU
		{8E10231E-93A3-45CD-A65B-1B150BD9F171}.Release|x64.ActiveCfg = Release|Any CPU
		{8E10231E-93A3-45CD-A65B-1B150BD9F171}.Release|x64.Build.0 = Release|Any CPU
		{8E10231E-93A3-45CD-A65B-1B150BD9F171}.Release|x86.ActiveCfg = Release|Any CPU
		{8E10231E-93A3-45CD-A65B-1B150BD9F171}.Release|x86.Build.0 = Release|Any CPU
		{0553B61F-C1EA-4FB7-A999-C5FEDD5AFCE9}.Debug|Any CPU.ActiveCfg = Debug|Any CPU
		{0553B61F-C1EA-4FB7-A999-C5FEDD5AFCE9}.Debug|Any CPU.Build.0 = Debug|Any CPU
		{0553B61F-C1EA-4FB7-A999-C5FEDD5AFCE9}.Debug|x64.ActiveCfg = Debug|Any CPU
		{0553B61F-C1EA-4FB7-A999-C5FEDD5AFCE9}.Debug|x64.Build.0 = Debug|Any CPU
		{0553B61F-C1EA-4FB7-A999-C5FEDD5AFCE9}.Debug|x86.ActiveCfg = Debug|Any CPU
		{0553B61F-C1EA-4FB7-A999-C5FEDD5AFCE9}.Debug|x86.Build.0 = Debug|Any CPU
		{0553B61F-C1EA-4FB7-A999-C5FEDD5AFCE9}.Release|Any CPU.ActiveCfg = Release|Any CPU
		{0553B61F-C1EA-4FB7-A999-C5FEDD5AFCE9}.Release|Any CPU.Build.0 = Release|Any CPU
		{0553B61F-C1EA-4FB7-A999-C5FEDD5AFCE9}.Release|x64.ActiveCfg = Release|Any CPU
		{0553B61F-C1EA-4FB7-A999-C5FEDD5AFCE9}.Release|x64.Build.0 = Release|Any CPU
		{0553B61F-C1EA-4FB7-A999-C5FEDD5AFCE9}.Release|x86.ActiveCfg = Release|Any CPU
		{0553B61F-C1EA-4FB7-A999-C5FEDD5AFCE9}.Release|x86.Build.0 = Release|Any CPU
		{D8AA2E0E-F87F-4BCD-B807-CDE59828014C}.Debug|Any CPU.ActiveCfg = Debug|Any CPU
		{D8AA2E0E-F87F-4BCD-B807-CDE59828014C}.Debug|Any CPU.Build.0 = Debug|Any CPU
		{D8AA2E0E-F87F-4BCD-B807-CDE59828014C}.Debug|x64.ActiveCfg = Debug|Any CPU
		{D8AA2E0E-F87F-4BCD-B807-CDE59828014C}.Debug|x64.Build.0 = Debug|Any CPU
		{D8AA2E0E-F87F-4BCD-B807-CDE59828014C}.Debug|x86.ActiveCfg = Debug|Any CPU
		{D8AA2E0E-F87F-4BCD-B807-CDE59828014C}.Debug|x86.Build.0 = Debug|Any CPU
		{D8AA2E0E-F87F-4BCD-B807-CDE59828014C}.Release|Any CPU.ActiveCfg = Release|Any CPU
		{D8AA2E0E-F87F-4BCD-B807-CDE59828014C}.Release|Any CPU.Build.0 = Release|Any CPU
		{D8AA2E0E-F87F-4BCD-B807-CDE59828014C}.Release|x64.ActiveCfg = Release|Any CPU
		{D8AA2E0E-F87F-4BCD-B807-CDE59828014C}.Release|x64.Build.0 = Release|Any CPU
		{D8AA2E0E-F87F-4BCD-B807-CDE59828014C}.Release|x86.ActiveCfg = Release|Any CPU
		{D8AA2E0E-F87F-4BCD-B807-CDE59828014C}.Release|x86.Build.0 = Release|Any CPU
	EndGlobalSection
	GlobalSection(SolutionProperties) = preSolution
		HideSolutionNode = FALSE
	EndGlobalSection
	GlobalSection(NestedProjects) = preSolution
		{8E10231E-93A3-45CD-A65B-1B150BD9F171} = {A74F262E-BDE7-D5D2-89E9-785413424D0A}
		{0553B61F-C1EA-4FB7-A999-C5FEDD5AFCE9} = {996CEBED-A05B-5D42-3FF0-982E087A2599}
		{D8AA2E0E-F87F-4BCD-B807-CDE59828014C} = {DFEE68D8-A7D0-1A41-506C-9B74AA9A7B7B}
	EndGlobalSection
EndGlobal
